
Microsoft Visual Studio Solution File, Format Version 12.00
# Visual Studio 15
VisualStudioVersion = 15.0.28307.1062
MinimumVisualStudioVersion = 10.0.40219.1
Project("{8BC9CEB8-8B4A-11D0-8D11-00A0C91BC942}") = "L3", "L3\L3.vcxproj", "{946A8C63-E49D-42DB-B0AA-4C993E52D201}"
EndProject
Global
	GlobalSection(SolutionConfigurationPlatforms) = preSolution
		Debug|x64 = Debug|x64
		Debug|x86 = Debug|x86
		Release|x64 = Release|x64
		Release|x86 = Release|x86
	EndGlobalSection
	GlobalSection(ProjectConfigurationPlatforms) = postSolution
		{946A8C63-E49D-42DB-B0AA-4C993E52D201}.Debug|x64.ActiveCfg = Debug|x64
		{946A8C63-E49D-42DB-B0AA-4C993E52D201}.Debug|x64.Build.0 = Debug|x64
		{946A8C63-E49D-42DB-B0AA-4C993E52D201}.Debug|x86.ActiveCfg = Debug|Win32
		{946A8C63-E49D-42DB-B0AA-4C993E52D201}.Debug|x86.Build.0 = Debug|Win32
		{946A8C63-E49D-42DB-B0AA-4C993E52D201}.Release|x64.ActiveCfg = Release|x64
		{946A8C63-E49D-42DB-B0AA-4C993E52D201}.Release|x64.Build.0 = Release|x64
		{946A8C63-E49D-42DB-B0AA-4C993E52D201}.Release|x86.ActiveCfg = Release|Win32
		{946A8C63-E49D-42DB-B0AA-4C993E52D201}.Release|x86.Build.0 = Release|Win32
	EndGlobalSection
	GlobalSection(SolutionProperties) = preSolution
		HideSolutionNode = FALSE
	EndGlobalSection
	GlobalSection(ExtensibilityGlobals) = postSolution
		SolutionGuid = {E64C37A0-D20C-4515-A570-51A09988489B}
	EndGlobalSection
EndGlobal
